<?xml version="1.0" encoding="utf-8"?>
<Project ToolsVersion="4.0" xmlns="http://schemas.microsoft.com/developer/msbuild/2003">
  <ItemGroup>
    <Filter Include="소스 파일">
      <UniqueIdentifier>{4FC737F1-C7A5-4376-A066-2A32D752A2FF}</UniqueIdentifier>
      <Extensions>cpp;c;cc;cxx;c++;cppm;ixx;def;odl;idl;hpj;bat;asm;asmx</Extensions>
    </Filter>
  </ItemGroup>
  <ItemGroup>
    <ClCompile Include="TryCatch(1).cpp">
      <Filter>소스 파일</Filter>
    </ClCompile>
    <ClCompile Include="다중예외처리.cpp">
      <Filter>소스 파일</Filter>
    </ClCompile>
    <ClCompile Include="동적할당.cpp">
      <Filter>소스 파일</Filter>
    </ClCompile>
    <ClCompile Include="마름모 출력하기.cpp">
      <Filter>소스 파일</Filter>
    </ClCompile>
    <ClCompile Include="복사 생성자 복습.cpp">
      <Filter>소스 파일</Filter>
    </ClCompile>
    <ClCompile Include="복사 생성자(1).cpp">
      <Filter>소스 파일</Filter>
    </ClCompile>
    <ClCompile Include="복사 생성자(2).cpp">
      <Filter>소스 파일</Filter>
    </ClCompile>
    <ClCompile Include="생성자.cpp">
      <Filter>소스 파일</Filter>
    </ClCompile>
    <ClCompile Include="2023-03-15.cpp">
      <Filter>소스 파일</Filter>
    </ClCompile>
    <ClCompile Include="2023-03-16.cpp">
      <Filter>소스 파일</Filter>
    </ClCompile>
    <ClCompile Include="수행평가 (오답노트).cpp">
      <Filter>소스 파일</Filter>
    </ClCompile>
    <ClCompile Include="스택 도전 두문제.cpp">
      <Filter>소스 파일</Filter>
    </ClCompile>
    <ClCompile Include="스택 문자 거꾸로 출력하기.cpp">
      <Filter>소스 파일</Filter>
    </ClCompile>
    <ClCompile Include="스택 응용 연습문제.cpp">
      <Filter>소스 파일</Filter>
    </ClCompile>
    <ClCompile Include="스택 클래스 구현하기.cpp">
      <Filter>소스 파일</Filter>
    </ClCompile>
    <ClCompile Include="스택 후위표기식(2).cpp">
      <Filter>소스 파일</Filter>
    </ClCompile>
    <ClCompile Include="스택 후위표기식.cpp">
      <Filter>소스 파일</Filter>
    </ClCompile>
    <ClCompile Include="연산자중복 복습.cpp">
      <Filter>소스 파일</Filter>
    </ClCompile>
    <ClCompile Include="연산자중복.cpp">
      <Filter>소스 파일</Filter>
    </ClCompile>
    <ClCompile Include="정적 멤버와 프렌드 함수.cpp">
      <Filter>소스 파일</Filter>
    </ClCompile>
    <ClCompile Include="정적멤버와 프랜드 복습.cpp">
      <Filter>소스 파일</Filter>
    </ClCompile>
    <ClCompile Include="정적멤버와 프렌드 복습.cpp">
      <Filter>소스 파일</Filter>
    </ClCompile>
    <ClCompile Include="책들을 저장해보자.cpp">
      <Filter>소스 파일</Filter>
    </ClCompile>
    <ClCompile Include="코딩테스트 연습.cpp">
      <Filter>소스 파일</Filter>
    </ClCompile>
    <ClCompile Include="클래스 상속 복습.cpp">
      <Filter>소스 파일</Filter>
    </ClCompile>
    <ClCompile Include="클래스 템플릿.cpp">
      <Filter>소스 파일</Filter>
    </ClCompile>
    <ClCompile Include="평균점수 입력하기.cpp">
      <Filter>소스 파일</Filter>
    </ClCompile>
    <ClCompile Include="함수 템플릿.cpp">
      <Filter>소스 파일</Filter>
    </ClCompile>
    <ClCompile Include="큐(1).cpp">
      <Filter>소스 파일</Filter>
    </ClCompile>
    <ClCompile Include="큐(2).cpp">
      <Filter>소스 파일</Filter>
    </ClCompile>
    <ClCompile Include="큐(카드2).cpp">
      <Filter>소스 파일</Filter>
    </ClCompile>
    <ClCompile Include="스택 백준 활용문제.cpp">
      <Filter>소스 파일</Filter>
    </ClCompile>
    <ClCompile Include="큐%28코딩테스트%29.cpp">
      <Filter>소스 파일</Filter>
    </ClCompile>
    <ClCompile Include="연결리스트 스택.cpp">
      <Filter>소스 파일</Filter>
    </ClCompile>
    <ClCompile Include="연결리스트 큐.cpp">
      <Filter>소스 파일</Filter>
    </ClCompile>
    <ClCompile Include="연결리스트 요세푸스.cpp">
      <Filter>소스 파일</Filter>
    </ClCompile>
    <ClCompile Include="덱.cpp">
      <Filter>소스 파일</Filter>
    </ClCompile>
    <ClCompile Include="큐 연결리스트 오답노트.cpp">
      <Filter>소스 파일</Filter>
    </ClCompile>
    <ClCompile Include="정렬.cpp">
      <Filter>소스 파일</Filter>
    </ClCompile>
    <ClCompile Include="나이순 정렬.cpp">
      <Filter>소스 파일</Filter>
    </ClCompile>
    <ClCompile Include="이진탐색.cpp">
      <Filter>소스 파일</Filter>
    </ClCompile>
    <ClCompile Include="map.cpp">
      <Filter>소스 파일</Filter>
    </ClCompile>
    <ClCompile Include="map 듣보잡.cpp">
      <Filter>소스 파일</Filter>
    </ClCompile>
    <ClCompile Include="set 듣보잡.cpp">
      <Filter>소스 파일</Filter>
    </ClCompile>
    <ClCompile Include="set, map 숫자 카드 .cpp">
      <Filter>소스 파일</Filter>
    </ClCompile>
    <ClCompile Include="set, map 중복된 문자 제거.cpp">
      <Filter>소스 파일</Filter>
    </ClCompile>
    <ClCompile Include="그래프 구현.cpp">
      <Filter>소스 파일</Filter>
    </ClCompile>
    <ClCompile Include="미로 탐색.cpp">
      <Filter>소스 파일</Filter>
    </ClCompile>
    <ClCompile Include="맵 최단거리.cpp">
      <Filter>소스 파일</Filter>
    </ClCompile>
    <ClCompile Include="특정 거리의 도시 찾기.cpp">
      <Filter>소스 파일</Filter>
    </ClCompile>
    <ClCompile Include="특정 거리의 도시 찾기 2.cpp">
      <Filter>소스 파일</Filter>
    </ClCompile>
    <ClCompile Include="단어 변환.cpp">
      <Filter>소스 파일</Filter>
    </ClCompile>
    <ClCompile Include="유기농 배추.cpp">
      <Filter>소스 파일</Filter>
    </ClCompile>
    <ClCompile Include="타겟 넘버.cpp">
      <Filter>소스 파일</Filter>
    </ClCompile>
    <ClCompile Include="네트워크.cpp">
      <Filter>소스 파일</Filter>
    </ClCompile>
    <ClCompile Include="DFS BFS.cpp">
      <Filter>소스 파일</Filter>
    </ClCompile>
    <ClCompile Include="생일.cpp">
      <Filter>소스 파일</Filter>
    </ClCompile>
    <ClCompile Include="n번째 큰수.cpp">
      <Filter>소스 파일</Filter>
    </ClCompile>
    <ClCompile Include="..\Node\수 찾기.cpp">
      <Filter>소스 파일</Filter>
    </ClCompile>
    <ClCompile Include="..\이진 탐색 트리\이진 검색 트리.cpp">
      <Filter>소스 파일</Filter>
    </ClCompile>
    <ClCompile Include="트리 순회.cpp">
      <Filter>소스 파일</Filter>
    </ClCompile>
    <ClCompile Include="메이플스토리 NYPC.cpp">
      <Filter>소스 파일</Filter>
    </ClCompile>
    <ClCompile Include="배열 회전시키기.cpp">
      <Filter>소스 파일</Filter>
    </ClCompile>
    <ClCompile Include="특정 문자 제거하기.cpp">
      <Filter>소스 파일</Filter>
    </ClCompile>
    <ClCompile Include="베스트 앨범.cpp">
      <Filter>소스 파일</Filter>
    </ClCompile>
    <ClCompile Include="회사에 있는 사람.cpp">
      <Filter>소스 파일</Filter>
    </ClCompile>
    <ClCompile Include="나무 자르기.cpp">
      <Filter>소스 파일</Filter>
    </ClCompile>
    <ClCompile Include="신고 결과 받기.cpp">
      <Filter>소스 파일</Filter>
    </ClCompile>
    <ClCompile Include="숫자 카드 2.cpp">
      <Filter>소스 파일</Filter>
    </ClCompile>
    <ClCompile Include="먹을 것인가 먹힐 것인가.cpp">
      <Filter>소스 파일</Filter>
    </ClCompile>
    <ClCompile Include="피보나치 수열.cpp">
      <Filter>소스 파일</Filter>
    </ClCompile>
    <ClCompile Include="파도반 수열.cpp">
      <Filter>소스 파일</Filter>
    </ClCompile>
    <ClCompile Include="파스칼의 삼각형%281%29.cpp">
      <Filter>소스 파일</Filter>
    </ClCompile>
    <ClCompile Include="동전 0.cpp">
      <Filter>소스 파일</Filter>
    </ClCompile>
    <ClCompile Include="수의 곱셈.cpp">
      <Filter>소스 파일</Filter>
    </ClCompile>
    <ClCompile Include="스승의 은혜.cpp">
      <Filter>소스 파일</Filter>
    </ClCompile>
    <ClCompile Include="동전 1.cpp">
      <Filter>소스 파일</Filter>
    </ClCompile>
    <ClCompile Include="회의실 배정.cpp">
      <Filter>소스 파일</Filter>
    </ClCompile>
    <ClCompile Include="7의 개수.cpp">
      <Filter>소스 파일</Filter>
    </ClCompile>
    <ClCompile Include="문자열 내 p와 y의 개수.cpp">
      <Filter>소스 파일</Filter>
    </ClCompile>
    <ClCompile Include="가까운 수.cpp">
      <Filter>소스 파일</Filter>
    </ClCompile>
    <ClCompile Include="각 행의 평균과 가장 가까운 값.cpp">
      <Filter>소스 파일</Filter>
    </ClCompile>
    <ClCompile Include="A로 B만들기.cpp">
      <Filter>소스 파일</Filter>
    </ClCompile>
    <ClCompile Include="2차원으로 만들기.cpp">
      <Filter>소스 파일</Filter>
    </ClCompile>
  </ItemGroup>
</Project>